
Microsoft Visual Studio Solution File, Format Version 11.00
# Visual Studio 2010
Project("{8BC9CEB8-8B4A-11D0-8D11-00A0C91BC942}") = "TPStash2", "TPStash2\TPStash2.vcxproj", "{48B1B087-7945-48FE-9293-BE9E82F3E51E}"
EndProject
Global
	GlobalSection(SolutionConfigurationPlatforms) = preSolution
		Debug|Win32 = Debug|Win32
		Release|Win32 = Release|Win32
	EndGlobalSection
	GlobalSection(ProjectConfigurationPlatforms) = postSolution
		{48B1B087-7945-48FE-9293-BE9E82F3E51E}.Debug|Win32.ActiveCfg = Debug|Win32
		{48B1B087-7945-48FE-9293-BE9E82F3E51E}.Debug|Win32.Build.0 = Debug|Win32
		{48B1B087-7945-48FE-9293-BE9E82F3E51E}.Release|Win32.ActiveCfg = Release|Win32
		{48B1B087-7945-48FE-9293-BE9E82F3E51E}.Release|Win32.Build.0 = Release|Win32
	EndGlobalSection
	GlobalSection(SolutionProperties) = preSolution
		HideSolutionNode = FALSE
	EndGlobalSection
EndGlobal
