
Microsoft Visual Studio Solution File, Format Version 11.00
# Visual Studio 2010
Project("{8BC9CEB8-8B4A-11D0-8D11-00A0C91BC942}") = "ShapeTemplate", "ShapeTemplate\ShapeTemplate.vcxproj", "{A493D8A7-D5E3-44FD-8E04-6FC15F2F9EDC}"
EndProject
Global
	GlobalSection(SolutionConfigurationPlatforms) = preSolution
		Debug|Win32 = Debug|Win32
		Release|Win32 = Release|Win32
	EndGlobalSection
	GlobalSection(ProjectConfigurationPlatforms) = postSolution
		{A493D8A7-D5E3-44FD-8E04-6FC15F2F9EDC}.Debug|Win32.ActiveCfg = Debug|Win32
		{A493D8A7-D5E3-44FD-8E04-6FC15F2F9EDC}.Debug|Win32.Build.0 = Debug|Win32
		{A493D8A7-D5E3-44FD-8E04-6FC15F2F9EDC}.Release|Win32.ActiveCfg = Release|Win32
		{A493D8A7-D5E3-44FD-8E04-6FC15F2F9EDC}.Release|Win32.Build.0 = Release|Win32
	EndGlobalSection
	GlobalSection(SolutionProperties) = preSolution
		HideSolutionNode = FALSE
	EndGlobalSection
EndGlobal
